
Microsoft Visual Studio Solution File, Format Version 12.00
# Visual Studio 14
VisualStudioVersion = 14.0.25420.1
MinimumVisualStudioVersion = 10.0.40219.1
Project("{FAE04EC0-301F-11D3-BF4B-00C04F79EFBC}") = "PlugIn_DCRM2016", "NextLabsCRM\PlugIn_DCRM2016.csproj", "{2EC14006-C4C8-4F3C-8DF1-F426E40E7FE7}"
EndProject
Project("{FAE04EC0-301F-11D3-BF4B-00C04F79EFBC}") = "DCRMPluginForSharePoint", "DCRMPluginForSharePoint\DCRMPluginForSharePoint.csproj", "{B22E1D93-24DB-4887-AA76-35BF556D15A9}"
EndProject
Project("{FAE04EC0-301F-11D3-BF4B-00C04F79EFBC}") = "ConfigurationWriter", "ConfigurationWriter\ConfigurationWriter.csproj", "{F3D02D4C-40DD-4AAB-AEC1-0DEAC9E52AC0}"
	ProjectSection(ProjectDependencies) = postProject
		{B22E1D93-24DB-4887-AA76-35BF556D15A9} = {B22E1D93-24DB-4887-AA76-35BF556D15A9}
	EndProjectSection
EndProject
Global
	GlobalSection(SolutionConfigurationPlatforms) = preSolution
		debug|x64 = debug|x64
		release|x64 = release|x64
	EndGlobalSection
	GlobalSection(ProjectConfigurationPlatforms) = postSolution
		{2EC14006-C4C8-4F3C-8DF1-F426E40E7FE7}.debug|x64.ActiveCfg = Debug|x64
		{2EC14006-C4C8-4F3C-8DF1-F426E40E7FE7}.debug|x64.Build.0 = Debug|x64
		{2EC14006-C4C8-4F3C-8DF1-F426E40E7FE7}.release|x64.ActiveCfg = Release|x64
		{2EC14006-C4C8-4F3C-8DF1-F426E40E7FE7}.release|x64.Build.0 = Release|x64
		{B22E1D93-24DB-4887-AA76-35BF556D15A9}.debug|x64.ActiveCfg = Debug|Any CPU
		{B22E1D93-24DB-4887-AA76-35BF556D15A9}.debug|x64.Build.0 = Debug|Any CPU
		{B22E1D93-24DB-4887-AA76-35BF556D15A9}.release|x64.ActiveCfg = Release|Any CPU
		{B22E1D93-24DB-4887-AA76-35BF556D15A9}.release|x64.Build.0 = Release|Any CPU
		{F3D02D4C-40DD-4AAB-AEC1-0DEAC9E52AC0}.debug|x64.ActiveCfg = Debug|x64
		{F3D02D4C-40DD-4AAB-AEC1-0DEAC9E52AC0}.debug|x64.Build.0 = Debug|x64
		{F3D02D4C-40DD-4AAB-AEC1-0DEAC9E52AC0}.release|x64.ActiveCfg = Release|x64
		{F3D02D4C-40DD-4AAB-AEC1-0DEAC9E52AC0}.release|x64.Build.0 = Release|x64
	EndGlobalSection
	GlobalSection(SolutionProperties) = preSolution
		HideSolutionNode = FALSE
	EndGlobalSection
EndGlobal
